
Microsoft Visual Studio Solution File, Format Version 12.00
# Visual Studio 15
VisualStudioVersion = 15.0.27703.2026
MinimumVisualStudioVersion = 10.0.40219.1
Project("{FAE04EC0-301F-11D3-BF4B-00C04F79EFBC}") = "Entrada", "Entrada\Entrada.csproj", "{8C5200A8-162C-46C9-9CC1-F4CCCB21597A}"
EndProject
Global
	GlobalSection(SolutionConfigurationPlatforms) = preSolution
		Debug|Any CPU = Debug|Any CPU
		Release|Any CPU = Release|Any CPU
	EndGlobalSection
	GlobalSection(ProjectConfigurationPlatforms) = postSolution
		{8C5200A8-162C-46C9-9CC1-F4CCCB21597A}.Debug|Any CPU.ActiveCfg = Debug|Any CPU
		{8C5200A8-162C-46C9-9CC1-F4CCCB21597A}.Debug|Any CPU.Build.0 = Debug|Any CPU
		{8C5200A8-162C-46C9-9CC1-F4CCCB21597A}.Release|Any CPU.ActiveCfg = Release|Any CPU
		{8C5200A8-162C-46C9-9CC1-F4CCCB21597A}.Release|Any CPU.Build.0 = Release|Any CPU
	EndGlobalSection
	GlobalSection(SolutionProperties) = preSolution
		HideSolutionNode = FALSE
	EndGlobalSection
	GlobalSection(ExtensibilityGlobals) = postSolution
		SolutionGuid = {8E83E25F-98C7-4432-A016-EC140D9F6D77}
	EndGlobalSection
EndGlobal
